
Microsoft Visual Studio Solution File, Format Version 12.00
# Visual Studio Version 17
VisualStudioVersion = 17.5.33516.290
MinimumVisualStudioVersion = 10.0.40219.1
Project("{FAE04EC0-301F-11D3-BF4B-00C04F79EFBC}") = "Aplikacja", "Aplikacja.csproj", "{BBD15B4C-CB28-4525-B041-CA43C57C8907}"
EndProject
Project("{FAE04EC0-301F-11D3-BF4B-00C04F79EFBC}") = "AplikacjaTests", "..\AplikacjaTests\AplikacjaTests.csproj", "{73C6A685-2E86-47BD-97CB-4F19EBA2AE18}"
EndProject
Global
	GlobalSection(SolutionConfigurationPlatforms) = preSolution
		Debug|Any CPU = Debug|Any CPU
		Release|Any CPU = Release|Any CPU
	EndGlobalSection
	GlobalSection(ProjectConfigurationPlatforms) = postSolution
		{BBD15B4C-CB28-4525-B041-CA43C57C8907}.Debug|Any CPU.ActiveCfg = Debug|Any CPU
		{BBD15B4C-CB28-4525-B041-CA43C57C8907}.Debug|Any CPU.Build.0 = Debug|Any CPU
		{BBD15B4C-CB28-4525-B041-CA43C57C8907}.Release|Any CPU.ActiveCfg = Release|Any CPU
		{BBD15B4C-CB28-4525-B041-CA43C57C8907}.Release|Any CPU.Build.0 = Release|Any CPU
		{73C6A685-2E86-47BD-97CB-4F19EBA2AE18}.Debug|Any CPU.ActiveCfg = Debug|Any CPU
		{73C6A685-2E86-47BD-97CB-4F19EBA2AE18}.Debug|Any CPU.Build.0 = Debug|Any CPU
		{73C6A685-2E86-47BD-97CB-4F19EBA2AE18}.Release|Any CPU.ActiveCfg = Release|Any CPU
		{73C6A685-2E86-47BD-97CB-4F19EBA2AE18}.Release|Any CPU.Build.0 = Release|Any CPU
	EndGlobalSection
	GlobalSection(SolutionProperties) = preSolution
		HideSolutionNode = FALSE
	EndGlobalSection
	GlobalSection(ExtensibilityGlobals) = postSolution
		SolutionGuid = {A1AF4F56-0881-4AFE-9F5D-3C855E991FDD}
	EndGlobalSection
EndGlobal
